lockfileVersion: 5.4

importers:

  .:
    specifiers: {}

  ../../packages/components:
    specifiers:
      '@dyck/hooks': workspace:*
      '@rollup/plugin-typescript': ~9.0.1
      '@swc/core': ~1.3.6
      '@types/react': ~18.0.21
      '@types/react-dom': ~18.0.6
      react: ~18.2.0
      react-dom: ~18.2.0
      rollup: ~2.79.1
      rollup-plugin-swc: ~0.2.1
      tslib: ~2.4.0
      typescript: ~4.8.4
    dependencies:
      '@dyck/hooks': link:../hooks
      react: 18.2.0
      react-dom: 18.2.0_react@18.2.0
    devDependencies:
      '@rollup/plugin-typescript': 9.0.1_hafrwlgfjmvsm7253l3bfjzhnq
      '@swc/core': 1.3.6
      '@types/react': 18.0.21
      '@types/react-dom': 18.0.6
      rollup: 2.79.1
      rollup-plugin-swc: 0.2.1_k45d4bcey73t6cefd5fuiagzey
      tslib: 2.4.0
      typescript: 4.8.4

  ../../packages/hooks:
    specifiers:
      '@rollup/plugin-typescript': ~9.0.1
      '@swc/core': ~1.3.6
      '@types/react': ~18.0.21
      '@types/react-dom': ~18.0.6
      react: ~18.2.0
      react-dom: ~18.2.0
      rollup: ~2.79.1
      rollup-plugin-swc: ~0.2.1
      tslib: ~2.4.0
      typescript: ~4.8.4
    dependencies:
      react: 18.2.0
      react-dom: 18.2.0_react@18.2.0
      typescript: 4.8.4
    devDependencies:
      '@rollup/plugin-typescript': 9.0.1_hafrwlgfjmvsm7253l3bfjzhnq
      '@swc/core': 1.3.6
      '@types/react': 18.0.21
      '@types/react-dom': 18.0.6
      rollup: 2.79.1
      rollup-plugin-swc: 0.2.1_k45d4bcey73t6cefd5fuiagzey
      tslib: 2.4.0

packages:

  /@rollup/plugin-typescript/9.0.1_hafrwlgfjmvsm7253l3bfjzhnq:
    resolution: {integrity: sha512-fj+CTk8+HvFCEwwDQdNgWd0lIJVXtMQ0Z3vH/ZgzFSbK2s1zs5wjZrjzrhViTTN+UF49+P69/tybgKRdGHpj/Q==}
    engines: {node: '>=14.0.0'}
    peerDependencies:
      rollup: ^2.14.0||^3.0.0
      tslib: '*'
      typescript: '>=3.7.0'
    peerDependenciesMeta:
      rollup:
        optional: true
      tslib:
        optional: true
    dependencies:
      '@rollup/pluginutils': 4.2.1
      resolve: 1.22.1
      rollup: 2.79.1
      tslib: 2.4.0
      typescript: 4.8.4
    dev: true

  /@rollup/pluginutils/4.2.1:
    resolution: {integrity: sha512-iKnFXr7NkdZAIHiIWE+BX5ULi/ucVFYWD6TbAV+rZctiRTY2PL6tsIKhoIOaoskiWAkgu+VsbXgUVDNLHf+InQ==}
    engines: {node: '>= 8.0.0'}
    dependencies:
      estree-walker: 2.0.2
      picomatch: 2.3.1
    dev: true

  /@swc/core-android-arm-eabi/1.3.6:
    resolution: {integrity: sha512-FQk/4cRRDoMPLgSm/1WvEqRqlSgBb6Twd5W13NYUbXJpzPGoPHhzwaCEbpGjPKG/OvAqA2NVrWquuJjhDvQyVQ==}
    engines: {node: '>=10'}
    cpu: [arm]
    os: [android]
    requiresBuild: true
    dependencies:
      '@swc/wasm': 1.2.122
    dev: true
    optional: true

  /@swc/core-android-arm64/1.3.6:
    resolution: {integrity: sha512-6qjZYatlFAN0IKhhYFsN+BaywooHFpK9/A/jMkjgIfbUoDz3wPJWZc2MDvcttgqZ+cfsSCcGeNw++H894z1zfw==}
    engines: {node: '>=10'}
    cpu: [arm64]
    os: [android]
    requiresBuild: true
    dependencies:
      '@swc/wasm': 1.2.130
    dev: true
    optional: true

  /@swc/core-darwin-arm64/1.3.6:
    resolution: {integrity: sha512-2qjaABxA7cloVTkS+uDEcVQ5buSi8de7qEv6P6InDE/iCjnI5ALyDxn7eauJJsVKimh9DyqN9sSZJ/z9U4FDUQ==}
    engines: {node: '>=10'}
    cpu: [arm64]
    os: [darwin]
    requiresBuild: true
    dev: true
    optional: true

  /@swc/core-darwin-x64/1.3.6:
    resolution: {integrity: sha512-+OtW18d2o3RUuXodB41ZDj0iRCeXNL0OxVU0jTl7iyCWDypmCzhalbaQXD/ZJxgnpGRB7/s2ZwNR/gzjXgz9VA==}
    engines: {node: '>=10'}
    cpu: [x64]
    os: [darwin]
    requiresBuild: true
    dev: true
    optional: true

  /@swc/core-freebsd-x64/1.3.6:
    resolution: {integrity: sha512-f+ePNodn7ET9qEa93VMfnsPNnubWKIkn0EfxmfzJCt/abNVZ7+DyCSABfWKkexOZ8OuNyxnBCdKLL6nlizxkhQ==}
    engines: {node: '>=10'}
    cpu: [x64]
    os: [freebsd]
    requiresBuild: true
    dependencies:
      '@swc/wasm': 1.2.130
    dev: true
    optional: true

  /@swc/core-linux-arm-gnueabihf/1.3.6:
    resolution: {integrity: sha512-JwdJmqKzsdq7Itg5ssKDEY9mP3AkQ+XENF6WXXlaNu1U/InqQhD0DqsFzw4TQ4LzB7lB7Wj+dv3JjKIhnHNNag==}
    engines: {node: '>=10'}
    cpu: [arm]
    os: [linux]
    requiresBuild: true
    dependencies:
      '@swc/wasm': 1.2.130
    dev: true
    optional: true

  /@swc/core-linux-arm64-gnu/1.3.6:
    resolution: {integrity: sha512-sRoPnwYFX+t95S7khi4KL2lZMZwbuzvPUf8NYmtTzfqVIseo8HD6IMgyeaQHYDfwDGF5elQGi4ALjRx2huSi0Q==}
    engines: {node: '>=10'}
    cpu: [arm64]
    os: [linux]
    libc: [glibc]
    requiresBuild: true
    dev: true
    optional: true

  /@swc/core-linux-arm64-musl/1.3.6:
    resolution: {integrity: sha512-XT8vRcxGaKujiplFfuMtGRgZ3Nx611TMVLUg91alzEIe2Adtrpaumzrwv2vqVdMr4X4GBK9z0rHsqkDLPhmuaw==}
    engines: {node: '>=10'}
    cpu: [arm64]
    os: [linux]
    libc: [musl]
    requiresBuild: true
    dev: true
    optional: true

  /@swc/core-linux-x64-gnu/1.3.6:
    resolution: {integrity: sha512-nip81Ngcx8cory+FtapKhXb/rgh/pTAlvTiwJjMhsE3xcKRsbnJEPMVIoArCBV0BmYJBLWvOtpHf8B62JS7L5w==}
    engines: {node: '>=10'}
    cpu: [x64]
    os: [linux]
    libc: [glibc]
    requiresBuild: true
    dev: true
    optional: true

  /@swc/core-linux-x64-musl/1.3.6:
    resolution: {integrity: sha512-IzrQB67BY/rSZPJXWU3XzpkJqh4vYkYuOUmz1yrV/vxgPjJp/kUllfBYsHCiIedb7sjvfTt409SIN0FlPJY2+Q==}
    engines: {node: '>=10'}
    cpu: [x64]
    os: [linux]
    libc: [musl]
    requiresBuild: true
    dev: true
    optional: true

  /@swc/core-win32-arm64-msvc/1.3.6:
    resolution: {integrity: sha512-gLsE/4qgqTxy0OOFJKi9QRs9mVYv4yOXSwPB2Rb+grOmNnG+Ds2LWqGEaABKDErnUtTQiOzLpdwesNZxeJgMhA==}
    engines: {node: '>=10'}
    cpu: [arm64]
    os: [win32]
    requiresBuild: true
    dependencies:
      '@swc/wasm': 1.2.130
    dev: true
    optional: true

  /@swc/core-win32-ia32-msvc/1.3.6:
    resolution: {integrity: sha512-0Jr7KMGEPapYGni+97oNOeVP7edBwjMGQ9HsJUUN1uIE7fALQ+zVGuwbc+22myql2Uhh5V5hZx5xtVraqLVMHw==}
    engines: {node: '>=10'}
    cpu: [ia32]
    os: [win32]
    requiresBuild: true
    dependencies:
      '@swc/wasm': 1.2.130
    dev: true
    optional: true

  /@swc/core-win32-x64-msvc/1.3.6:
    resolution: {integrity: sha512-O3F/jxqaFwGq9XxYeCIVRCDIR4+GdSBu/5io6TkN8O5QLqB3/KOJVDn6TALtbL6ClwjUwZt66HKnYeSx19j2Ow==}
    engines: {node: '>=10'}
    cpu: [x64]
    os: [win32]
    requiresBuild: true
    dev: true
    optional: true

  /@swc/core/1.3.6:
    resolution: {integrity: sha512-L3EemOWywrxXsRQFeU50PYFwrDKOxi2RGTT+TT3CcbIszwc7qnE6vsVzEll/eK32H1veicc0EegkZgtD4PFNRA==}
    engines: {node: '>=10'}
    hasBin: true
    requiresBuild: true
    optionalDependencies:
      '@swc/core-android-arm-eabi': 1.3.6
      '@swc/core-android-arm64': 1.3.6
      '@swc/core-darwin-arm64': 1.3.6
      '@swc/core-darwin-x64': 1.3.6
      '@swc/core-freebsd-x64': 1.3.6
      '@swc/core-linux-arm-gnueabihf': 1.3.6
      '@swc/core-linux-arm64-gnu': 1.3.6
      '@swc/core-linux-arm64-musl': 1.3.6
      '@swc/core-linux-x64-gnu': 1.3.6
      '@swc/core-linux-x64-musl': 1.3.6
      '@swc/core-win32-arm64-msvc': 1.3.6
      '@swc/core-win32-ia32-msvc': 1.3.6
      '@swc/core-win32-x64-msvc': 1.3.6
    dev: true

  /@swc/wasm/1.2.122:
    resolution: {integrity: sha512-sM1VCWQxmNhFtdxME+8UXNyPNhxNu7zdb6ikWpz0YKAQQFRGT5ThZgJrubEpah335SUToNg8pkdDF7ibVCjxbQ==}
    requiresBuild: true
    dev: true
    optional: true

  /@swc/wasm/1.2.130:
    resolution: {integrity: sha512-rNcJsBxS70+pv8YUWwf5fRlWX6JoY/HJc25HD/F8m6Kv7XhJdqPPMhyX6TKkUBPAG7TWlZYoxa+rHAjPy4Cj3Q==}
    requiresBuild: true
    dev: true
    optional: true

  /@types/prop-types/15.7.5:
    resolution: {integrity: sha512-JCB8C6SnDoQf0cNycqd/35A7MjcnK+ZTqE7judS6o7utxUCg6imJg3QK2qzHKszlTjcj2cn+NwMB2i96ubpj7w==}
    dev: true

  /@types/react-dom/18.0.6:
    resolution: {integrity: sha512-/5OFZgfIPSwy+YuIBP/FgJnQnsxhZhjjrnxudMddeblOouIodEQ75X14Rr4wGSG/bknL+Omy9iWlLo1u/9GzAA==}
    dependencies:
      '@types/react': 18.0.21
    dev: true

  /@types/react/18.0.21:
    resolution: {integrity: sha512-7QUCOxvFgnD5Jk8ZKlUAhVcRj7GuJRjnjjiY/IUBWKgOlnvDvTMLD4RTF7NPyVmbRhNrbomZiOepg7M/2Kj1mA==}
    dependencies:
      '@types/prop-types': 15.7.5
      '@types/scheduler': 0.16.2
      csstype: 3.1.1
    dev: true

  /@types/scheduler/0.16.2:
    resolution: {integrity: sha512-hppQEBDmlwhFAXKJX2KnWLYu5yMfi91yazPb2l+lbJiwW+wdo1gNeRA+3RgNSO39WYX2euey41KEwnqesU2Jew==}
    dev: true

  /csstype/3.1.1:
    resolution: {integrity: sha512-DJR/VvkAvSZW9bTouZue2sSxDwdTN92uHjqeKVm+0dAqdfNykRzQ95tay8aXMBAAPpUiq4Qcug2L7neoRh2Egw==}
    dev: true

  /estree-walker/2.0.2:
    resolution: {integrity: sha512-Rfkk/Mp/DL7JVje3u18FxFujQlTNR2q6QfMSMB7AvCBx91NGj/ba3kCfza0f6dVDbw7YlRf/nDrn7pQrCCyQ/w==}
    dev: true

  /fsevents/2.3.2:
    resolution: {integrity: sha512-xiqMQR4xAeHTuB9uWm+fFRcIOgKBMiOBP+eXiyT7jsgVCq1bkVygt00oASowB7EdtpOHaaPgKt812P9ab+DDKA==}
    engines: {node: ^8.16.0 || ^10.6.0 || >=11.0.0}
    os: [darwin]
    requiresBuild: true
    dev: true
    optional: true

  /function-bind/1.1.1:
    resolution: {integrity: sha512-yIovAzMX49sF8Yl58fSCWJ5svSLuaibPxXQJFLmBObTuCr0Mf1KiPopGM9NiFjiYBCbfaa2Fh6breQ6ANVTI0A==}
    dev: true

  /has/1.0.3:
    resolution: {integrity: sha512-f2dvO0VU6Oej7RkWJGrehjbzMAjFp5/VKPp5tTpWIV4JHHZK1/BxbFRtf/siA2SWTe09caDmVtYYzWEIbBS4zw==}
    engines: {node: '>= 0.4.0'}
    dependencies:
      function-bind: 1.1.1
    dev: true

  /is-core-module/2.10.0:
    resolution: {integrity: sha512-Erxj2n/LDAZ7H8WNJXd9tw38GYM3dv8rk8Zcs+jJuxYTW7sozH+SS8NtrSjVL1/vpLvWi1hxy96IzjJ3EHTJJg==}
    dependencies:
      has: 1.0.3
    dev: true

  /js-tokens/4.0.0:
    resolution: {integrity: sha512-RdJUflcE3cUzKiMqQgsCu06FPu9UdIJO0beYbPhHN4k6apgJtifcoCtT9bcxOpYBtpD2kCM6Sbzg4CausW/PKQ==}
    dev: false

  /loose-envify/1.4.0:
    resolution: {integrity: sha512-lyuxPGr/Wfhrlem2CL/UcnUc1zcqKAImBDzukY7Y5F/yQiNdko6+fRLevlw1HgMySw7f611UIY408EtxRSoK3Q==}
    hasBin: true
    dependencies:
      js-tokens: 4.0.0
    dev: false

  /path-parse/1.0.7:
    resolution: {integrity: sha512-LDJzPVEEEPR+y48z93A0Ed0yXb8pAByGWo/k5YYdYgpY2/2EsOsksJrq7lOHxryrVOn1ejG6oAp8ahvOIQD8sw==}
    dev: true

  /picomatch/2.3.1:
    resolution: {integrity: sha512-JU3teHTNjmE2VCGFzuY8EXzCDVwEqB2a8fsIvwaStHhAWJEeVd1o1QD80CU6+ZdEXXSLbSsuLwJjkCBWqRQUVA==}
    engines: {node: '>=8.6'}
    dev: true

  /react-dom/18.2.0_react@18.2.0:
    resolution: {integrity: sha512-6IMTriUmvsjHUjNtEDudZfuDQUoWXVxKHhlEGSk81n4YFS+r/Kl99wXiwlVXtPBtJenozv2P+hxDsw9eA7Xo6g==}
    peerDependencies:
      react: ^18.2.0
    dependencies:
      loose-envify: 1.4.0
      react: 18.2.0
      scheduler: 0.23.0
    dev: false

  /react/18.2.0:
    resolution: {integrity: sha512-/3IjMdb2L9QbBdWiW5e3P2/npwMBaU9mHCSCUzNln0ZCYbcfTsGbTJrU/kGemdH2IWmB2ioZ+zkxtmq6g09fGQ==}
    engines: {node: '>=0.10.0'}
    dependencies:
      loose-envify: 1.4.0
    dev: false

  /resolve/1.22.1:
    resolution: {integrity: sha512-nBpuuYuY5jFsli/JIs1oldw6fOQCBioohqWZg/2hiaOybXOft4lonv85uDOKXdf8rhyK159cxU5cDcK/NKk8zw==}
    hasBin: true
    dependencies:
      is-core-module: 2.10.0
      path-parse: 1.0.7
      supports-preserve-symlinks-flag: 1.0.0
    dev: true

  /rollup-plugin-swc/0.2.1_k45d4bcey73t6cefd5fuiagzey:
    resolution: {integrity: sha512-wWRYt9tC0aIBvRQHNnVtwJ6DRPDj9XYpOAcOyFB11sKSkR/R+NAmbrjBACCPNVmZcxg6joV29wXgb5mU1DI7eA==}
    peerDependencies:
      '@swc/core': '>=1.0'
      rollup: '>=1.5.0'
    dependencies:
      '@rollup/pluginutils': 4.2.1
      '@swc/core': 1.3.6
      rollup: 2.79.1
    dev: true

  /rollup/2.79.1:
    resolution: {integrity: sha512-uKxbd0IhMZOhjAiD5oAFp7BqvkA4Dv47qpOCtaNvng4HBwdbWtdOh8f5nZNuk2rp51PMGk3bzfWu5oayNEuYnw==}
    engines: {node: '>=10.0.0'}
    hasBin: true
    optionalDependencies:
      fsevents: 2.3.2
    dev: true

  /scheduler/0.23.0:
    resolution: {integrity: sha512-CtuThmgHNg7zIZWAXi3AsyIzA3n4xx7aNyjwC2VJldO2LMVDhFK+63xGqq6CsJH4rTAt6/M+N4GhZiDYPx9eUw==}
    dependencies:
      loose-envify: 1.4.0
    dev: false

  /supports-preserve-symlinks-flag/1.0.0:
    resolution: {integrity: sha512-ot0WnXS9fgdkgIcePe6RHNk1WA8+muPa6cSjeR3V8K27q9BB1rTE3R1p7Hv0z1ZyAc8s6Vvv8DIyWf681MAt0w==}
    engines: {node: '>= 0.4'}
    dev: true

  /tslib/2.4.0:
    resolution: {integrity: sha512-d6xOpEDfsi2CZVlPQzGeux8XMwLT9hssAsaPYExaQMuYskwb+x1x7J371tWlbBdWHroy99KnVB6qIkUbs5X3UQ==}
    dev: true

  /typescript/4.8.4:
    resolution: {integrity: sha512-QCh+85mCy+h0IGff8r5XWzOVSbBO+KfeYrMQh7NJ58QujwcE22u+NUSmUxqF+un70P9GXKxa2HCNiTTMJknyjQ==}
    engines: {node: '>=4.2.0'}
    hasBin: true
